<?xml version="1.0" encoding="utf-8"?>
<Project ToolsVersion="4.0" xmlns="http://schemas.microsoft.com/developer/msbuild/2003">
  <ItemGroup>
    <Filter Include="Source Files">
      <UniqueIdentifier>{4FC737F1-C7A5-4376-A066-2A32D752A2FF}</UniqueIdentifier>
      <Extensions>cpp;c;cc;cxx;c++;cppm;ixx;def;odl;idl;hpj;bat;asm;asmx</Extensions>
    </Filter>
    <Filter Include="Header Files">
      <UniqueIdentifier>{93995380-89BD-4b04-88EB-625FBE52EBFB}</UniqueIdentifier>
      <Extensions>h;hh;hpp;hxx;h++;hm;inl;inc;ipp;xsd</Extensions>
    </Filter>
    <Filter Include="Resource Files">
      <UniqueIdentifier>{67DA6AB6-F800-4c08-8B7A-83BB121AAD01}</UniqueIdentifier>
      <Extensions>rc;ico;cur;bmp;dlg;rc2;rct;bin;rgs;gif;jpg;jpeg;jpe;resx;tiff;tif;png;wav;mfcribbon-ms</Extensions>
    </Filter>
  </ItemGroup>
  <ItemGroup>
    <ClCompile Include="App.cpp">
      <Filter>Source Files</Filter>
    </ClCompile>
    <ClCompile Include="Camera.cpp">
      <Filter>Source Files</Filter>
    </ClCompile>
    <ClCompile Include="Configuration.cpp">
      <Filter>Source Files</Filter>
    </ClCompile>
    <ClCompile Include="Light\AbstractLight.cpp">
      <Filter>Source Files</Filter>
    </ClCompile>
    <ClCompile Include="Scene.cpp">
      <Filter>Source Files</Filter>
    </ClCompile>
    <ClCompile Include="Transformation.cpp">
      <Filter>Source Files</Filter>
    </ClCompile>
    <ClCompile Include="Window.cpp">
      <Filter>Source Files</Filter>
    </ClCompile>
    <ClCompile Include="Engine.cpp">
      <Filter>Source Files</Filter>
    </ClCompile>
    <ClCompile Include="Composite\Composite.cpp">
      <Filter>Source Files</Filter>
    </ClCompile>
    <ClCompile Include="Exception\FileException.cpp">
      <Filter>Source Files</Filter>
    </ClCompile>
    <ClCompile Include="Exception\GLException.cpp">
      <Filter>Source Files</Filter>
    </ClCompile>
    <ClCompile Include="Exception\GLFWException.cpp">
      <Filter>Source Files</Filter>
    </ClCompile>
    <ClCompile Include="KeyboardEvent\KeyboardEvent.cpp">
      <Filter>Source Files</Filter>
    </ClCompile>
    <ClCompile Include="KeyboardEvent\KeyboardEventListener.cpp">
      <Filter>Source Files</Filter>
    </ClCompile>
    <ClCompile Include="Matrix\AbstractMatrixComponent.cpp">
      <Filter>Source Files</Filter>
    </ClCompile>
    <ClCompile Include="Matrix\RotateMatrixComponent.cpp">
      <Filter>Source Files</Filter>
    </ClCompile>
    <ClCompile Include="Matrix\ScaleMatrixComponent.cpp">
      <Filter>Source Files</Filter>
    </ClCompile>
    <ClCompile Include="Matrix\TranslateMatrixComponent.cpp">
      <Filter>Source Files</Filter>
    </ClCompile>
    <ClCompile Include="Render\Renderer.cpp">
      <Filter>Source Files</Filter>
    </ClCompile>
    <ClCompile Include="Render\VertexBuffer.cpp">
      <Filter>Source Files</Filter>
    </ClCompile>
    <ClCompile Include="Render\Shader\BaseShader.cpp">
      <Filter>Source Files</Filter>
    </ClCompile>
    <ClCompile Include="Render\Shader\FragmentShader.cpp">
      <Filter>Source Files</Filter>
    </ClCompile>
    <ClCompile Include="Render\Shader\VertexShader.cpp">
      <Filter>Source Files</Filter>
    </ClCompile>
    <ClCompile Include="Resource\DrawableObject.cpp">
      <Filter>Source Files</Filter>
    </ClCompile>
    <ClCompile Include="Resource\ResourceManager.cpp">
      <Filter>Source Files</Filter>
    </ClCompile>
    <ClCompile Include="Resource\Shader.cpp">
      <Filter>Source Files</Filter>
    </ClCompile>
    <ClCompile Include="Resource\Model\Bushes.cpp">
      <Filter>Source Files</Filter>
    </ClCompile>
    <ClCompile Include="Resource\Model\Gift.cpp">
      <Filter>Source Files</Filter>
    </ClCompile>
    <ClCompile Include="Resource\Model\Plain.cpp">
      <Filter>Source Files</Filter>
    </ClCompile>
    <ClCompile Include="Resource\Model\Sphere.cpp">
      <Filter>Source Files</Filter>
    </ClCompile>
    <ClCompile Include="Resource\Model\SuziFlat.cpp">
      <Filter>Source Files</Filter>
    </ClCompile>
    <ClCompile Include="Resource\Model\SuziSmooth.cpp">
      <Filter>Source Files</Filter>
    </ClCompile>
    <ClCompile Include="Resource\Model\Tree.cpp">
      <Filter>Source Files</Filter>
    </ClCompile>
    <ClCompile Include="Util\FileUtil.cpp">
      <Filter>Source Files</Filter>
    </ClCompile>
    <ClCompile Include="Util\ShaderUtil.cpp">
      <Filter>Source Files</Filter>
    </ClCompile>
    <ClCompile Include="Log\Log.cpp">
      <Filter>Source Files</Filter>
    </ClCompile>
    <ClCompile Include="Light\PointLight.cpp">
      <Filter>Source Files</Filter>
    </ClCompile>
  </ItemGroup>
  <ItemGroup>
    <ClInclude Include="App.hpp">
      <Filter>Header Files</Filter>
    </ClInclude>
    <ClInclude Include="Camera.hpp">
      <Filter>Header Files</Filter>
    </ClInclude>
    <ClInclude Include="Configuration.hpp">
      <Filter>Header Files</Filter>
    </ClInclude>
    <ClInclude Include="Light\AbstractLight.hpp">
      <Filter>Header Files</Filter>
    </ClInclude>
    <ClInclude Include="Scene.hpp">
      <Filter>Header Files</Filter>
    </ClInclude>
    <ClInclude Include="Transformation.hpp">
      <Filter>Header Files</Filter>
    </ClInclude>
    <ClInclude Include="Window.hpp">
      <Filter>Header Files</Filter>
    </ClInclude>
    <ClInclude Include="Composite\Composite.hpp">
      <Filter>Header Files</Filter>
    </ClInclude>
    <ClInclude Include="Composite\IComponent.hpp">
      <Filter>Header Files</Filter>
    </ClInclude>
    <ClInclude Include="Exception\FileException.hpp">
      <Filter>Header Files</Filter>
    </ClInclude>
    <ClInclude Include="Exception\GLException.hpp">
      <Filter>Header Files</Filter>
    </ClInclude>
    <ClInclude Include="Exception\GLFWException.hpp">
      <Filter>Header Files</Filter>
    </ClInclude>
    <ClInclude Include="KeyboardEvent\EKey.hpp">
      <Filter>Header Files</Filter>
    </ClInclude>
    <ClInclude Include="KeyboardEvent\KeyboardEvent.hpp">
      <Filter>Header Files</Filter>
    </ClInclude>
    <ClInclude Include="KeyboardEvent\KeyboardEventListener.hpp">
      <Filter>Header Files</Filter>
    </ClInclude>
    <ClInclude Include="Matrix\AbstractMatrixComponent.hpp">
      <Filter>Header Files</Filter>
    </ClInclude>
    <ClInclude Include="Matrix\RotateMatrixComponent.hpp">
      <Filter>Header Files</Filter>
    </ClInclude>
    <ClInclude Include="Matrix\ScaleMatrixComponent.hpp">
      <Filter>Header Files</Filter>
    </ClInclude>
    <ClInclude Include="Matrix\TranslateMatrixComponent.hpp">
      <Filter>Header Files</Filter>
    </ClInclude>
    <ClInclude Include="Observer\EObserverEvent.hpp">
      <Filter>Header Files</Filter>
    </ClInclude>
    <ClInclude Include="Observer\IObserver.hpp">
      <Filter>Header Files</Filter>
    </ClInclude>
    <ClInclude Include="Observer\ISubject.hpp">
      <Filter>Header Files</Filter>
    </ClInclude>
    <ClInclude Include="Render\Renderer.hpp">
      <Filter>Header Files</Filter>
    </ClInclude>
    <ClInclude Include="Render\VertexBuffer.hpp">
      <Filter>Header Files</Filter>
    </ClInclude>
    <ClInclude Include="Render\Shader\BaseShader.hpp">
      <Filter>Header Files</Filter>
    </ClInclude>
    <ClInclude Include="Render\Shader\EShaderType.hpp">
      <Filter>Header Files</Filter>
    </ClInclude>
    <ClInclude Include="Render\Shader\FragmentShader.hpp">
      <Filter>Header Files</Filter>
    </ClInclude>
    <ClInclude Include="Render\Shader\VertexShader.hpp">
      <Filter>Header Files</Filter>
    </ClInclude>
    <ClInclude Include="Resource\DrawableObject.hpp">
      <Filter>Header Files</Filter>
    </ClInclude>
    <ClInclude Include="Resource\ResourceManager.hpp">
      <Filter>Header Files</Filter>
    </ClInclude>
    <ClInclude Include="Resource\Shader.hpp">
      <Filter>Header Files</Filter>
    </ClInclude>
    <ClInclude Include="Resource\Model\Bushes.hpp">
      <Filter>Header Files</Filter>
    </ClInclude>
    <ClInclude Include="Resource\Model\Gift.hpp">
      <Filter>Header Files</Filter>
    </ClInclude>
    <ClInclude Include="Resource\Model\Plain.hpp">
      <Filter>Header Files</Filter>
    </ClInclude>
    <ClInclude Include="Resource\Model\Sphere.hpp">
      <Filter>Header Files</Filter>
    </ClInclude>
    <ClInclude Include="Resource\Model\SuziFlat.hpp">
      <Filter>Header Files</Filter>
    </ClInclude>
    <ClInclude Include="Resource\Model\SuziSmooth.hpp">
      <Filter>Header Files</Filter>
    </ClInclude>
    <ClInclude Include="Resource\Model\Tree.hpp">
      <Filter>Header Files</Filter>
    </ClInclude>
    <ClInclude Include="Resource\Model\Raw\bushes.hpp">
      <Filter>Header Files</Filter>
    </ClInclude>
    <ClInclude Include="Resource\Model\Raw\gift.hpp">
      <Filter>Header Files</Filter>
    </ClInclude>
    <ClInclude Include="Resource\Model\Raw\plain.hpp">
      <Filter>Header Files</Filter>
    </ClInclude>
    <ClInclude Include="Resource\Model\Raw\sphere.hpp">
      <Filter>Header Files</Filter>
    </ClInclude>
    <ClInclude Include="Resource\Model\Raw\suzi_flat.hpp">
      <Filter>Header Files</Filter>
    </ClInclude>
    <ClInclude Include="Resource\Model\Raw\suzi_smooth.hpp">
      <Filter>Header Files</Filter>
    </ClInclude>
    <ClInclude Include="Resource\Model\Raw\tree.hpp">
      <Filter>Header Files</Filter>
    </ClInclude>
    <ClInclude Include="Util\FileUtil.hpp">
      <Filter>Header Files</Filter>
    </ClInclude>
    <ClInclude Include="Util\ShaderUtil.hpp">
      <Filter>Header Files</Filter>
    </ClInclude>
    <ClInclude Include="Log\ELogLevel.hpp">
      <Filter>Header Files</Filter>
    </ClInclude>
    <ClInclude Include="Log\Log.hpp">
      <Filter>Header Files</Filter>
    </ClInclude>
    <ClInclude Include="Light\ELightType.hpp">
      <Filter>Header Files</Filter>
    </ClInclude>
    <ClInclude Include="Light\PointLight.hpp">
      <Filter>Header Files</Filter>
    </ClInclude>
  </ItemGroup>
</Project>