// !$*UTF8*$!
{
	archiveVersion = 1;
	classes = {
	};
	objectVersion = 56;
	objects = {

/* Begin PBXBuildFile section */
		A0CA7F522926C036004C50D1 /* OpenGL.framework in Frameworks */ = {isa = PBXBuildFile; fileRef = A0CA7F512926C036004C50D1 /* OpenGL.framework */; };
		A0CA7F572926C223004C50D1 /* libglfw.3.dylib in Frameworks */ = {isa = PBXBuildFile; fileRef = A0CA7F562926C223004C50D1 /* libglfw.3.dylib */; };
		A0CA7F582926C22D004C50D1 /* libglfw.3.dylib in CopyFiles */ = {isa = PBXBuildFile; fileRef = A0CA7F562926C223004C50D1 /* libglfw.3.dylib */; };
		A0CA7F5A2926C4A8004C50D1 /* libGLEW.2.1.0.dylib in Frameworks */ = {isa = PBXBuildFile; fileRef = A0CA7F592926C4A8004C50D1 /* libGLEW.2.1.0.dylib */; };
		A0CA7F5B2926C4AF004C50D1 /* libGLEW.2.1.0.dylib in CopyFiles */ = {isa = PBXBuildFile; fileRef = A0CA7F592926C4A8004C50D1 /* libGLEW.2.1.0.dylib */; };
		A0CA7FBC2926C667004C50D1 /* DrawableObject.cpp in Sources */ = {isa = PBXBuildFile; fileRef = A0CA7F5D2926C664004C50D1 /* DrawableObject.cpp */; };
		A0CA7FBD2926C667004C50D1 /* Shader.cpp in Sources */ = {isa = PBXBuildFile; fileRef = A0CA7F602926C664004C50D1 /* Shader.cpp */; };
		A0CA7FBE2926C667004C50D1 /* Bushes.cpp in Sources */ = {isa = PBXBuildFile; fileRef = A0CA7F622926C664004C50D1 /* Bushes.cpp */; };
		A0CA7FBF2926C667004C50D1 /* SuziSmooth.cpp in Sources */ = {isa = PBXBuildFile; fileRef = A0CA7F632926C664004C50D1 /* SuziSmooth.cpp */; };
		A0CA7FC02926C667004C50D1 /* SuziFlat.cpp in Sources */ = {isa = PBXBuildFile; fileRef = A0CA7F642926C664004C50D1 /* SuziFlat.cpp */; };
		A0CA7FC12926C667004C50D1 /* Plain.cpp in Sources */ = {isa = PBXBuildFile; fileRef = A0CA7F672926C664004C50D1 /* Plain.cpp */; };
		A0CA7FC22926C667004C50D1 /* Gift.cpp in Sources */ = {isa = PBXBuildFile; fileRef = A0CA7F6A2926C664004C50D1 /* Gift.cpp */; };
		A0CA7FC32926C667004C50D1 /* Tree.cpp in Sources */ = {isa = PBXBuildFile; fileRef = A0CA7F6B2926C664004C50D1 /* Tree.cpp */; };
		A0CA7FC42926C667004C50D1 /* Sphere.cpp in Sources */ = {isa = PBXBuildFile; fileRef = A0CA7F6F2926C664004C50D1 /* Sphere.cpp */; };
		A0CA7FC52926C667004C50D1 /* ResourceManager.cpp in Sources */ = {isa = PBXBuildFile; fileRef = A0CA7F782926C664004C50D1 /* ResourceManager.cpp */; };
		A0CA7FC62926C667004C50D1 /* Scene.cpp in Sources */ = {isa = PBXBuildFile; fileRef = A0CA7F7B2926C664004C50D1 /* Scene.cpp */; };
		A0CA7FC72926C667004C50D1 /* Transformation.cpp in Sources */ = {isa = PBXBuildFile; fileRef = A0CA7F7C2926C665004C50D1 /* Transformation.cpp */; };
		A0CA7FC82926C667004C50D1 /* Light.cpp in Sources */ = {isa = PBXBuildFile; fileRef = A0CA7F7D2926C665004C50D1 /* Light.cpp */; };
		A0CA7FC92926C667004C50D1 /* Window.cpp in Sources */ = {isa = PBXBuildFile; fileRef = A0CA7F7E2926C665004C50D1 /* Window.cpp */; };
		A0CA7FCA2926C667004C50D1 /* RotateMatrixComponent.cpp in Sources */ = {isa = PBXBuildFile; fileRef = A0CA7F822926C665004C50D1 /* RotateMatrixComponent.cpp */; };
		A0CA7FCB2926C667004C50D1 /* ScaleMatrixComponent.cpp in Sources */ = {isa = PBXBuildFile; fileRef = A0CA7F842926C665004C50D1 /* ScaleMatrixComponent.cpp */; };
		A0CA7FCC2926C667004C50D1 /* AbstractMatrixComponent.cpp in Sources */ = {isa = PBXBuildFile; fileRef = A0CA7F852926C665004C50D1 /* AbstractMatrixComponent.cpp */; };
		A0CA7FCD2926C667004C50D1 /* TranslateMatrixComponent.cpp in Sources */ = {isa = PBXBuildFile; fileRef = A0CA7F862926C665004C50D1 /* TranslateMatrixComponent.cpp */; };
		A0CA7FCE2926C667004C50D1 /* App.cpp in Sources */ = {isa = PBXBuildFile; fileRef = A0CA7F882926C665004C50D1 /* App.cpp */; };
		A0CA7FCF2926C667004C50D1 /* Configuration.cpp in Sources */ = {isa = PBXBuildFile; fileRef = A0CA7F8A2926C665004C50D1 /* Configuration.cpp */; };
		A0CA7FD12926C667004C50D1 /* KeyboardEvent.cpp in Sources */ = {isa = PBXBuildFile; fileRef = A0CA7F932926C665004C50D1 /* KeyboardEvent.cpp */; };
		A0CA7FD22926C667004C50D1 /* KeyboardEventListener.cpp in Sources */ = {isa = PBXBuildFile; fileRef = A0CA7F942926C665004C50D1 /* KeyboardEventListener.cpp */; };
		A0CA7FD32926C667004C50D1 /* ArgumentsUtil.cpp in Sources */ = {isa = PBXBuildFile; fileRef = A0CA7F9C2926C666004C50D1 /* ArgumentsUtil.cpp */; };
		A0CA7FD42926C667004C50D1 /* ShaderUtil.cpp in Sources */ = {isa = PBXBuildFile; fileRef = A0CA7F9E2926C666004C50D1 /* ShaderUtil.cpp */; };
		A0CA7FD52926C667004C50D1 /* FileUtil.cpp in Sources */ = {isa = PBXBuildFile; fileRef = A0CA7F9F2926C666004C50D1 /* FileUtil.cpp */; };
		A0CA7FD62926C667004C50D1 /* GLException.cpp in Sources */ = {isa = PBXBuildFile; fileRef = A0CA7FA12926C666004C50D1 /* GLException.cpp */; };
		A0CA7FD72926C667004C50D1 /* GLFWException.cpp in Sources */ = {isa = PBXBuildFile; fileRef = A0CA7FA32926C666004C50D1 /* GLFWException.cpp */; };
		A0CA7FD82926C667004C50D1 /* FileException.cpp in Sources */ = {isa = PBXBuildFile; fileRef = A0CA7FA42926C666004C50D1 /* FileException.cpp */; };
		A0CA7FD92926C667004C50D1 /* VertexBuffer.cpp in Sources */ = {isa = PBXBuildFile; fileRef = A0CA7FA82926C666004C50D1 /* VertexBuffer.cpp */; };
		A0CA7FDA2926C667004C50D1 /* VertexShader.cpp in Sources */ = {isa = PBXBuildFile; fileRef = A0CA7FAB2926C666004C50D1 /* VertexShader.cpp */; };
		A0CA7FDB2926C667004C50D1 /* FragmentShader.cpp in Sources */ = {isa = PBXBuildFile; fileRef = A0CA7FAC2926C666004C50D1 /* FragmentShader.cpp */; };
		A0CA7FDC2926C667004C50D1 /* BaseShader.cpp in Sources */ = {isa = PBXBuildFile; fileRef = A0CA7FB02926C666004C50D1 /* BaseShader.cpp */; };
		A0CA7FDD2926C667004C50D1 /* Renderer.cpp in Sources */ = {isa = PBXBuildFile; fileRef = A0CA7FB32926C666004C50D1 /* Renderer.cpp */; };
		A0CA7FDE2926C667004C50D1 /* Engine.cpp in Sources */ = {isa = PBXBuildFile; fileRef = A0CA7FB42926C666004C50D1 /* Engine.cpp */; };
		A0CA7FDF2926C667004C50D1 /* Camera.cpp in Sources */ = {isa = PBXBuildFile; fileRef = A0CA7FB72926C667004C50D1 /* Camera.cpp */; };
		A0CA7FE02926C667004C50D1 /* Composite.cpp in Sources */ = {isa = PBXBuildFile; fileRef = A0CA7FBA2926C667004C50D1 /* Composite.cpp */; };
/* End PBXBuildFile section */

/* Begin PBXCopyFilesBuildPhase section */
		A0CA7F442926BCA2004C50D1 /* CopyFiles */ = {
			isa = PBXCopyFilesBuildPhase;
			buildActionMask = 12;
			dstPath = "";
			dstSubfolderSpec = 16;
			files = (
				A0CA7F5B2926C4AF004C50D1 /* libGLEW.2.1.0.dylib in CopyFiles */,
				A0CA7F582926C22D004C50D1 /* libglfw.3.dylib in CopyFiles */,
			);
			runOnlyForDeploymentPostprocessing = 0;
		};
/* End PBXCopyFilesBuildPhase section */

/* Begin PBXFileReference section */
		A0CA7F462926BCA3004C50D1 /* Engine */ = {isa = PBXFileReference; explicitFileType = "compiled.mach-o.executable"; includeInIndex = 0; path = Engine; sourceTree = BUILT_PRODUCTS_DIR; };
		A0CA7F512926C036004C50D1 /* OpenGL.framework */ = {isa = PBXFileReference; lastKnownFileType = wrapper.framework; name = OpenGL.framework; path = System/Library/Frameworks/OpenGL.framework; sourceTree = SDKROOT; };
		A0CA7F562926C223004C50D1 /* libglfw.3.dylib */ = {isa = PBXFileReference; lastKnownFileType = "compiled.mach-o.dylib"; name = libglfw.3.dylib; path = "library/glfw/lib-universal/libglfw.3.dylib"; sourceTree = "<group>"; };
		A0CA7F592926C4A8004C50D1 /* libGLEW.2.1.0.dylib */ = {isa = PBXFileReference; lastKnownFileType = "compiled.mach-o.dylib"; name = libGLEW.2.1.0.dylib; path = library/glew/lib/libGLEW.2.1.0.dylib; sourceTree = "<group>"; };
		A0CA7F5D2926C664004C50D1 /* DrawableObject.cpp */ = {isa = PBXFileReference; fileEncoding = 4; lastKnownFileType = sourcecode.cpp.cpp; path = DrawableObject.cpp; sourceTree = "<group>"; };
		A0CA7F5E2926C664004C50D1 /* Shader.h */ = {isa = PBXFileReference; fileEncoding = 4; lastKnownFileType = sourcecode.c.h; path = Shader.h; sourceTree = "<group>"; };
		A0CA7F5F2926C664004C50D1 /* DrawableObject.h */ = {isa = PBXFileReference; fileEncoding = 4; lastKnownFileType = sourcecode.c.h; path = DrawableObject.h; sourceTree = "<group>"; };
		A0CA7F602926C664004C50D1 /* Shader.cpp */ = {isa = PBXFileReference; fileEncoding = 4; lastKnownFileType = sourcecode.cpp.cpp; path = Shader.cpp; sourceTree = "<group>"; };
		A0CA7F622926C664004C50D1 /* Bushes.cpp */ = {isa = PBXFileReference; fileEncoding = 4; lastKnownFileType = sourcecode.cpp.cpp; path = Bushes.cpp; sourceTree = "<group>"; };
		A0CA7F632926C664004C50D1 /* SuziSmooth.cpp */ = {isa = PBXFileReference; fileEncoding = 4; lastKnownFileType = sourcecode.cpp.cpp; path = SuziSmooth.cpp; sourceTree = "<group>"; };
		A0CA7F642926C664004C50D1 /* SuziFlat.cpp */ = {isa = PBXFileReference; fileEncoding = 4; lastKnownFileType = sourcecode.cpp.cpp; path = SuziFlat.cpp; sourceTree = "<group>"; };
		A0CA7F652926C664004C50D1 /* Gift.h */ = {isa = PBXFileReference; fileEncoding = 4; lastKnownFileType = sourcecode.c.h; path = Gift.h; sourceTree = "<group>"; };
		A0CA7F662926C664004C50D1 /* Sphere.h */ = {isa = PBXFileReference; fileEncoding = 4; lastKnownFileType = sourcecode.c.h; path = Sphere.h; sourceTree = "<group>"; };
		A0CA7F672926C664004C50D1 /* Plain.cpp */ = {isa = PBXFileReference; fileEncoding = 4; lastKnownFileType = sourcecode.cpp.cpp; path = Plain.cpp; sourceTree = "<group>"; };
		A0CA7F682926C664004C50D1 /* Plain.h */ = {isa = PBXFileReference; fileEncoding = 4; lastKnownFileType = sourcecode.c.h; path = Plain.h; sourceTree = "<group>"; };
		A0CA7F692926C664004C50D1 /* Tree.h */ = {isa = PBXFileReference; fileEncoding = 4; lastKnownFileType = sourcecode.c.h; path = Tree.h; sourceTree = "<group>"; };
		A0CA7F6A2926C664004C50D1 /* Gift.cpp */ = {isa = PBXFileReference; fileEncoding = 4; lastKnownFileType = sourcecode.cpp.cpp; path = Gift.cpp; sourceTree = "<group>"; };
		A0CA7F6B2926C664004C50D1 /* Tree.cpp */ = {isa = PBXFileReference; fileEncoding = 4; lastKnownFileType = sourcecode.cpp.cpp; path = Tree.cpp; sourceTree = "<group>"; };
		A0CA7F6C2926C664004C50D1 /* SuziSmooth.h */ = {isa = PBXFileReference; fileEncoding = 4; lastKnownFileType = sourcecode.c.h; path = SuziSmooth.h; sourceTree = "<group>"; };
		A0CA7F6D2926C664004C50D1 /* Bushes.h */ = {isa = PBXFileReference; fileEncoding = 4; lastKnownFileType = sourcecode.c.h; path = Bushes.h; sourceTree = "<group>"; };
		A0CA7F6E2926C664004C50D1 /* SuziFlat.h */ = {isa = PBXFileReference; fileEncoding = 4; lastKnownFileType = sourcecode.c.h; path = SuziFlat.h; sourceTree = "<group>"; };
		A0CA7F6F2926C664004C50D1 /* Sphere.cpp */ = {isa = PBXFileReference; fileEncoding = 4; lastKnownFileType = sourcecode.cpp.cpp; path = Sphere.cpp; sourceTree = "<group>"; };
		A0CA7F712926C664004C50D1 /* gift.h */ = {isa = PBXFileReference; fileEncoding = 4; lastKnownFileType = sourcecode.c.h; path = gift.h; sourceTree = "<group>"; };
		A0CA7F722926C664004C50D1 /* sphere.h */ = {isa = PBXFileReference; fileEncoding = 4; lastKnownFileType = sourcecode.c.h; path = sphere.h; sourceTree = "<group>"; };
		A0CA7F732926C664004C50D1 /* plain.h */ = {isa = PBXFileReference; fileEncoding = 4; lastKnownFileType = sourcecode.c.h; path = plain.h; sourceTree = "<group>"; };
		A0CA7F742926C664004C50D1 /* tree.h */ = {isa = PBXFileReference; fileEncoding = 4; lastKnownFileType = sourcecode.c.h; path = tree.h; sourceTree = "<group>"; };
		A0CA7F752926C664004C50D1 /* suzi_flat.h */ = {isa = PBXFileReference; fileEncoding = 4; lastKnownFileType = sourcecode.c.h; path = suzi_flat.h; sourceTree = "<group>"; };
		A0CA7F762926C664004C50D1 /* bushes.h */ = {isa = PBXFileReference; fileEncoding = 4; lastKnownFileType = sourcecode.c.h; path = bushes.h; sourceTree = "<group>"; };
		A0CA7F772926C664004C50D1 /* suzi_smooth.h */ = {isa = PBXFileReference; fileEncoding = 4; lastKnownFileType = sourcecode.c.h; path = suzi_smooth.h; sourceTree = "<group>"; };
		A0CA7F782926C664004C50D1 /* ResourceManager.cpp */ = {isa = PBXFileReference; fileEncoding = 4; lastKnownFileType = sourcecode.cpp.cpp; path = ResourceManager.cpp; sourceTree = "<group>"; };
		A0CA7F792926C664004C50D1 /* ResourceManager.h */ = {isa = PBXFileReference; fileEncoding = 4; lastKnownFileType = sourcecode.c.h; path = ResourceManager.h; sourceTree = "<group>"; };
		A0CA7F7A2926C664004C50D1 /* App.h */ = {isa = PBXFileReference; fileEncoding = 4; lastKnownFileType = sourcecode.c.h; path = App.h; sourceTree = "<group>"; };
		A0CA7F7B2926C664004C50D1 /* Scene.cpp */ = {isa = PBXFileReference; fileEncoding = 4; lastKnownFileType = sourcecode.cpp.cpp; path = Scene.cpp; sourceTree = "<group>"; };
		A0CA7F7C2926C665004C50D1 /* Transformation.cpp */ = {isa = PBXFileReference; fileEncoding = 4; lastKnownFileType = sourcecode.cpp.cpp; path = Transformation.cpp; sourceTree = "<group>"; };
		A0CA7F7D2926C665004C50D1 /* Light.cpp */ = {isa = PBXFileReference; fileEncoding = 4; lastKnownFileType = sourcecode.cpp.cpp; path = Light.cpp; sourceTree = "<group>"; };
		A0CA7F7E2926C665004C50D1 /* Window.cpp */ = {isa = PBXFileReference; fileEncoding = 4; lastKnownFileType = sourcecode.cpp.cpp; path = Window.cpp; sourceTree = "<group>"; };
		A0CA7F802926C665004C50D1 /* TranslateMatrixComponent.h */ = {isa = PBXFileReference; fileEncoding = 4; lastKnownFileType = sourcecode.c.h; path = TranslateMatrixComponent.h; sourceTree = "<group>"; };
		A0CA7F812926C665004C50D1 /* AbstractMatrixComponent.h */ = {isa = PBXFileReference; fileEncoding = 4; lastKnownFileType = sourcecode.c.h; path = AbstractMatrixComponent.h; sourceTree = "<group>"; };
		A0CA7F822926C665004C50D1 /* RotateMatrixComponent.cpp */ = {isa = PBXFileReference; fileEncoding = 4; lastKnownFileType = sourcecode.cpp.cpp; path = RotateMatrixComponent.cpp; sourceTree = "<group>"; };
		A0CA7F832926C665004C50D1 /* RotateMatrixComponent.h */ = {isa = PBXFileReference; fileEncoding = 4; lastKnownFileType = sourcecode.c.h; path = RotateMatrixComponent.h; sourceTree = "<group>"; };
		A0CA7F842926C665004C50D1 /* ScaleMatrixComponent.cpp */ = {isa = PBXFileReference; fileEncoding = 4; lastKnownFileType = sourcecode.cpp.cpp; path = ScaleMatrixComponent.cpp; sourceTree = "<group>"; };
		A0CA7F852926C665004C50D1 /* AbstractMatrixComponent.cpp */ = {isa = PBXFileReference; fileEncoding = 4; lastKnownFileType = sourcecode.cpp.cpp; path = AbstractMatrixComponent.cpp; sourceTree = "<group>"; };
		A0CA7F862926C665004C50D1 /* TranslateMatrixComponent.cpp */ = {isa = PBXFileReference; fileEncoding = 4; lastKnownFileType = sourcecode.cpp.cpp; path = TranslateMatrixComponent.cpp; sourceTree = "<group>"; };
		A0CA7F872926C665004C50D1 /* ScaleMatrixComponent.h */ = {isa = PBXFileReference; fileEncoding = 4; lastKnownFileType = sourcecode.c.h; path = ScaleMatrixComponent.h; sourceTree = "<group>"; };
		A0CA7F882926C665004C50D1 /* App.cpp */ = {isa = PBXFileReference; fileEncoding = 4; lastKnownFileType = sourcecode.cpp.cpp; path = App.cpp; sourceTree = "<group>"; };
		A0CA7F892926C665004C50D1 /* Transformation.h */ = {isa = PBXFileReference; fileEncoding = 4; lastKnownFileType = sourcecode.c.h; path = Transformation.h; sourceTree = "<group>"; };
		A0CA7F8A2926C665004C50D1 /* Configuration.cpp */ = {isa = PBXFileReference; fileEncoding = 4; lastKnownFileType = sourcecode.cpp.cpp; path = Configuration.cpp; sourceTree = "<group>"; };
		A0CA7F8D2926C665004C50D1 /* IObserver.h */ = {isa = PBXFileReference; fileEncoding = 4; lastKnownFileType = sourcecode.c.h; path = IObserver.h; sourceTree = "<group>"; };
		A0CA7F8E2926C665004C50D1 /* ISubject.h */ = {isa = PBXFileReference; fileEncoding = 4; lastKnownFileType = sourcecode.c.h; path = ISubject.h; sourceTree = "<group>"; };
		A0CA7F8F2926C665004C50D1 /* EObserverEvent.h */ = {isa = PBXFileReference; fileEncoding = 4; lastKnownFileType = sourcecode.c.h; path = EObserverEvent.h; sourceTree = "<group>"; };
		A0CA7F902926C665004C50D1 /* Window.h */ = {isa = PBXFileReference; fileEncoding = 4; lastKnownFileType = sourcecode.c.h; path = Window.h; sourceTree = "<group>"; };
		A0CA7F922926C665004C50D1 /* EKey.h */ = {isa = PBXFileReference; fileEncoding = 4; lastKnownFileType = sourcecode.c.h; path = EKey.h; sourceTree = "<group>"; };
		A0CA7F932926C665004C50D1 /* KeyboardEvent.cpp */ = {isa = PBXFileReference; fileEncoding = 4; lastKnownFileType = sourcecode.cpp.cpp; path = KeyboardEvent.cpp; sourceTree = "<group>"; };
		A0CA7F942926C665004C50D1 /* KeyboardEventListener.cpp */ = {isa = PBXFileReference; fileEncoding = 4; lastKnownFileType = sourcecode.cpp.cpp; path = KeyboardEventListener.cpp; sourceTree = "<group>"; };
		A0CA7F952926C665004C50D1 /* KeyboardEventListener.h */ = {isa = PBXFileReference; fileEncoding = 4; lastKnownFileType = sourcecode.c.h; path = KeyboardEventListener.h; sourceTree = "<group>"; };
		A0CA7F962926C666004C50D1 /* KeyboardEvent.h */ = {isa = PBXFileReference; fileEncoding = 4; lastKnownFileType = sourcecode.c.h; path = KeyboardEvent.h; sourceTree = "<group>"; };
		A0CA7F972926C666004C50D1 /* Light.h */ = {isa = PBXFileReference; fileEncoding = 4; lastKnownFileType = sourcecode.c.h; path = Light.h; sourceTree = "<group>"; };
		A0CA7F982926C666004C50D1 /* Scene.h */ = {isa = PBXFileReference; fileEncoding = 4; lastKnownFileType = sourcecode.c.h; path = Scene.h; sourceTree = "<group>"; };
		A0CA7F9A2926C666004C50D1 /* FileUtil.h */ = {isa = PBXFileReference; fileEncoding = 4; lastKnownFileType = sourcecode.c.h; path = FileUtil.h; sourceTree = "<group>"; };
		A0CA7F9B2926C666004C50D1 /* ShaderUtil.h */ = {isa = PBXFileReference; fileEncoding = 4; lastKnownFileType = sourcecode.c.h; path = ShaderUtil.h; sourceTree = "<group>"; };
		A0CA7F9C2926C666004C50D1 /* ArgumentsUtil.cpp */ = {isa = PBXFileReference; fileEncoding = 4; lastKnownFileType = sourcecode.cpp.cpp; path = ArgumentsUtil.cpp; sourceTree = "<group>"; };
		A0CA7F9D2926C666004C50D1 /* ArgumentsUtil.h */ = {isa = PBXFileReference; fileEncoding = 4; lastKnownFileType = sourcecode.c.h; path = ArgumentsUtil.h; sourceTree = "<group>"; };
		A0CA7F9E2926C666004C50D1 /* ShaderUtil.cpp */ = {isa = PBXFileReference; fileEncoding = 4; lastKnownFileType = sourcecode.cpp.cpp; path = ShaderUtil.cpp; sourceTree = "<group>"; };
		A0CA7F9F2926C666004C50D1 /* FileUtil.cpp */ = {isa = PBXFileReference; fileEncoding = 4; lastKnownFileType = sourcecode.cpp.cpp; path = FileUtil.cpp; sourceTree = "<group>"; };
		A0CA7FA12926C666004C50D1 /* GLException.cpp */ = {isa = PBXFileReference; fileEncoding = 4; lastKnownFileType = sourcecode.cpp.cpp; path = GLException.cpp; sourceTree = "<group>"; };
		A0CA7FA22926C666004C50D1 /* GLFWException.h */ = {isa = PBXFileReference; fileEncoding = 4; lastKnownFileType = sourcecode.c.h; path = GLFWException.h; sourceTree = "<group>"; };
		A0CA7FA32926C666004C50D1 /* GLFWException.cpp */ = {isa = PBXFileReference; fileEncoding = 4; lastKnownFileType = sourcecode.cpp.cpp; path = GLFWException.cpp; sourceTree = "<group>"; };
		A0CA7FA42926C666004C50D1 /* FileException.cpp */ = {isa = PBXFileReference; fileEncoding = 4; lastKnownFileType = sourcecode.cpp.cpp; path = FileException.cpp; sourceTree = "<group>"; };
		A0CA7FA52926C666004C50D1 /* GLException.h */ = {isa = PBXFileReference; fileEncoding = 4; lastKnownFileType = sourcecode.c.h; path = GLException.h; sourceTree = "<group>"; };
		A0CA7FA62926C666004C50D1 /* FileException.h */ = {isa = PBXFileReference; fileEncoding = 4; lastKnownFileType = sourcecode.c.h; path = FileException.h; sourceTree = "<group>"; };
		A0CA7FA82926C666004C50D1 /* VertexBuffer.cpp */ = {isa = PBXFileReference; fileEncoding = 4; lastKnownFileType = sourcecode.cpp.cpp; path = VertexBuffer.cpp; sourceTree = "<group>"; };
		A0CA7FA92926C666004C50D1 /* Renderer.h */ = {isa = PBXFileReference; fileEncoding = 4; lastKnownFileType = sourcecode.c.h; path = Renderer.h; sourceTree = "<group>"; };
		A0CA7FAB2926C666004C50D1 /* VertexShader.cpp */ = {isa = PBXFileReference; fileEncoding = 4; lastKnownFileType = sourcecode.cpp.cpp; path = VertexShader.cpp; sourceTree = "<group>"; };
		A0CA7FAC2926C666004C50D1 /* FragmentShader.cpp */ = {isa = PBXFileReference; fileEncoding = 4; lastKnownFileType = sourcecode.cpp.cpp; path = FragmentShader.cpp; sourceTree = "<group>"; };
		A0CA7FAD2926C666004C50D1 /* EShaderType.h */ = {isa = PBXFileReference; fileEncoding = 4; lastKnownFileType = sourcecode.c.h; path = EShaderType.h; sourceTree = "<group>"; };
		A0CA7FAE2926C666004C50D1 /* FragmentShader.h */ = {isa = PBXFileReference; fileEncoding = 4; lastKnownFileType = sourcecode.c.h; path = FragmentShader.h; sourceTree = "<group>"; };
		A0CA7FAF2926C666004C50D1 /* VertexShader.h */ = {isa = PBXFileReference; fileEncoding = 4; lastKnownFileType = sourcecode.c.h; path = VertexShader.h; sourceTree = "<group>"; };
		A0CA7FB02926C666004C50D1 /* BaseShader.cpp */ = {isa = PBXFileReference; fileEncoding = 4; lastKnownFileType = sourcecode.cpp.cpp; path = BaseShader.cpp; sourceTree = "<group>"; };
		A0CA7FB12926C666004C50D1 /* BaseShader.h */ = {isa = PBXFileReference; fileEncoding = 4; lastKnownFileType = sourcecode.c.h; path = BaseShader.h; sourceTree = "<group>"; };
		A0CA7FB22926C666004C50D1 /* VertexBuffer.h */ = {isa = PBXFileReference; fileEncoding = 4; lastKnownFileType = sourcecode.c.h; path = VertexBuffer.h; sourceTree = "<group>"; };
		A0CA7FB32926C666004C50D1 /* Renderer.cpp */ = {isa = PBXFileReference; fileEncoding = 4; lastKnownFileType = sourcecode.cpp.cpp; path = Renderer.cpp; sourceTree = "<group>"; };
		A0CA7FB42926C666004C50D1 /* Engine.cpp */ = {isa = PBXFileReference; fileEncoding = 4; lastKnownFileType = sourcecode.cpp.cpp; path = Engine.cpp; sourceTree = "<group>"; };
		A0CA7FB52926C666004C50D1 /* Configuration.h */ = {isa = PBXFileReference; fileEncoding = 4; lastKnownFileType = sourcecode.c.h; path = Configuration.h; sourceTree = "<group>"; };
		A0CA7FB62926C666004C50D1 /* Camera.h */ = {isa = PBXFileReference; fileEncoding = 4; lastKnownFileType = sourcecode.c.h; path = Camera.h; sourceTree = "<group>"; };
		A0CA7FB72926C667004C50D1 /* Camera.cpp */ = {isa = PBXFileReference; fileEncoding = 4; lastKnownFileType = sourcecode.cpp.cpp; path = Camera.cpp; sourceTree = "<group>"; };
		A0CA7FB92926C667004C50D1 /* Composite.h */ = {isa = PBXFileReference; fileEncoding = 4; lastKnownFileType = sourcecode.c.h; path = Composite.h; sourceTree = "<group>"; };
		A0CA7FBA2926C667004C50D1 /* Composite.cpp */ = {isa = PBXFileReference; fileEncoding = 4; lastKnownFileType = sourcecode.cpp.cpp; path = Composite.cpp; sourceTree = "<group>"; };
		A0CA7FBB2926C667004C50D1 /* IComponent.h */ = {isa = PBXFileReference; fileEncoding = 4; lastKnownFileType = sourcecode.c.h; path = IComponent.h; sourceTree = "<group>"; };
		A0CA7FF02926C6DE004C50D1 /* Asset */ = {isa = PBXFileReference; lastKnownFileType = folder; path = Asset; sourceTree = "<group>"; };
/* End PBXFileReference section */

/* Begin PBXFrameworksBuildPhase section */
		A0CA7F432926BCA2004C50D1 /* Frameworks */ = {
			isa = PBXFrameworksBuildPhase;
			buildActionMask = 2147483647;
			files = (
				A0CA7F5A2926C4A8004C50D1 /* libGLEW.2.1.0.dylib in Frameworks */,
				A0CA7F572926C223004C50D1 /* libglfw.3.dylib in Frameworks */,
				A0CA7F522926C036004C50D1 /* OpenGL.framework in Frameworks */,
			);
			runOnlyForDeploymentPostprocessing = 0;
		};
/* End PBXFrameworksBuildPhase section */

/* Begin PBXGroup section */
		A0CA7F3D2926BCA2004C50D1 = {
			isa = PBXGroup;
			children = (
				A0CA7FF02926C6DE004C50D1 /* Asset */,
				A0CA7F482926BCA3004C50D1 /* Engine */,
				A0CA7F472926BCA3004C50D1 /* Products */,
				A0CA7F502926C036004C50D1 /* Frameworks */,
			);
			sourceTree = "<group>";
		};
		A0CA7F472926BCA3004C50D1 /* Products */ = {
			isa = PBXGroup;
			children = (
				A0CA7F462926BCA3004C50D1 /* Engine */,
			);
			name = Products;
			sourceTree = "<group>";
		};
		A0CA7F482926BCA3004C50D1 /* Engine */ = {
			isa = PBXGroup;
			children = (
				A0CA7F882926C665004C50D1 /* App.cpp */,
				A0CA7F7A2926C664004C50D1 /* App.h */,
				A0CA7FB72926C667004C50D1 /* Camera.cpp */,
				A0CA7FB62926C666004C50D1 /* Camera.h */,
				A0CA7FB82926C667004C50D1 /* Composite */,
				A0CA7F8A2926C665004C50D1 /* Configuration.cpp */,
				A0CA7FB52926C666004C50D1 /* Configuration.h */,
				A0CA7FB42926C666004C50D1 /* Engine.cpp */,
				A0CA7FA02926C666004C50D1 /* Exception */,
				A0CA7F912926C665004C50D1 /* KeyboardEvent */,
				A0CA7F7D2926C665004C50D1 /* Light.cpp */,
				A0CA7F972926C666004C50D1 /* Light.h */,
				A0CA7F7F2926C665004C50D1 /* Matrix */,
				A0CA7F8C2926C665004C50D1 /* Observer */,
				A0CA7FA72926C666004C50D1 /* Render */,
				A0CA7F5C2926C664004C50D1 /* Resource */,
				A0CA7F7B2926C664004C50D1 /* Scene.cpp */,
				A0CA7F982926C666004C50D1 /* Scene.h */,
				A0CA7F7C2926C665004C50D1 /* Transformation.cpp */,
				A0CA7F892926C665004C50D1 /* Transformation.h */,
				A0CA7F992926C666004C50D1 /* Util */,
				A0CA7F7E2926C665004C50D1 /* Window.cpp */,
				A0CA7F902926C665004C50D1 /* Window.h */,
			);
			path = Engine;
			sourceTree = "<group>";
		};
		A0CA7F502926C036004C50D1 /* Frameworks */ = {
			isa = PBXGroup;
			children = (
				A0CA7F592926C4A8004C50D1 /* libGLEW.2.1.0.dylib */,
				A0CA7F562926C223004C50D1 /* libglfw.3.dylib */,
				A0CA7F512926C036004C50D1 /* OpenGL.framework */,
			);
			name = Frameworks;
			sourceTree = "<group>";
		};
		A0CA7F5C2926C664004C50D1 /* Resource */ = {
			isa = PBXGroup;
			children = (
				A0CA7F5D2926C664004C50D1 /* DrawableObject.cpp */,
				A0CA7F5E2926C664004C50D1 /* Shader.h */,
				A0CA7F5F2926C664004C50D1 /* DrawableObject.h */,
				A0CA7F602926C664004C50D1 /* Shader.cpp */,
				A0CA7F612926C664004C50D1 /* Model */,
				A0CA7F782926C664004C50D1 /* ResourceManager.cpp */,
				A0CA7F792926C664004C50D1 /* ResourceManager.h */,
			);
			path = Resource;
			sourceTree = "<group>";
		};
		A0CA7F612926C664004C50D1 /* Model */ = {
			isa = PBXGroup;
			children = (
				A0CA7F622926C664004C50D1 /* Bushes.cpp */,
				A0CA7F632926C664004C50D1 /* SuziSmooth.cpp */,
				A0CA7F642926C664004C50D1 /* SuziFlat.cpp */,
				A0CA7F652926C664004C50D1 /* Gift.h */,
				A0CA7F662926C664004C50D1 /* Sphere.h */,
				A0CA7F672926C664004C50D1 /* Plain.cpp */,
				A0CA7F682926C664004C50D1 /* Plain.h */,
				A0CA7F692926C664004C50D1 /* Tree.h */,
				A0CA7F6A2926C664004C50D1 /* Gift.cpp */,
				A0CA7F6B2926C664004C50D1 /* Tree.cpp */,
				A0CA7F6C2926C664004C50D1 /* SuziSmooth.h */,
				A0CA7F6D2926C664004C50D1 /* Bushes.h */,
				A0CA7F6E2926C664004C50D1 /* SuziFlat.h */,
				A0CA7F6F2926C664004C50D1 /* Sphere.cpp */,
				A0CA7F702926C664004C50D1 /* Raw */,
			);
			path = Model;
			sourceTree = "<group>";
		};
		A0CA7F702926C664004C50D1 /* Raw */ = {
			isa = PBXGroup;
			children = (
				A0CA7F712926C664004C50D1 /* gift.h */,
				A0CA7F722926C664004C50D1 /* sphere.h */,
				A0CA7F732926C664004C50D1 /* plain.h */,
				A0CA7F742926C664004C50D1 /* tree.h */,
				A0CA7F752926C664004C50D1 /* suzi_flat.h */,
				A0CA7F762926C664004C50D1 /* bushes.h */,
				A0CA7F772926C664004C50D1 /* suzi_smooth.h */,
			);
			path = Raw;
			sourceTree = "<group>";
		};
		A0CA7F7F2926C665004C50D1 /* Matrix */ = {
			isa = PBXGroup;
			children = (
				A0CA7F802926C665004C50D1 /* TranslateMatrixComponent.h */,
				A0CA7F812926C665004C50D1 /* AbstractMatrixComponent.h */,
				A0CA7F822926C665004C50D1 /* RotateMatrixComponent.cpp */,
				A0CA7F832926C665004C50D1 /* RotateMatrixComponent.h */,
				A0CA7F842926C665004C50D1 /* ScaleMatrixComponent.cpp */,
				A0CA7F852926C665004C50D1 /* AbstractMatrixComponent.cpp */,
				A0CA7F862926C665004C50D1 /* TranslateMatrixComponent.cpp */,
				A0CA7F872926C665004C50D1 /* ScaleMatrixComponent.h */,
			);
			path = Matrix;
			sourceTree = "<group>";
		};
		A0CA7F8C2926C665004C50D1 /* Observer */ = {
			isa = PBXGroup;
			children = (
				A0CA7F8D2926C665004C50D1 /* IObserver.h */,
				A0CA7F8E2926C665004C50D1 /* ISubject.h */,
				A0CA7F8F2926C665004C50D1 /* EObserverEvent.h */,
			);
			path = Observer;
			sourceTree = "<group>";
		};
		A0CA7F912926C665004C50D1 /* KeyboardEvent */ = {
			isa = PBXGroup;
			children = (
				A0CA7F922926C665004C50D1 /* EKey.h */,
				A0CA7F932926C665004C50D1 /* KeyboardEvent.cpp */,
				A0CA7F942926C665004C50D1 /* KeyboardEventListener.cpp */,
				A0CA7F952926C665004C50D1 /* KeyboardEventListener.h */,
				A0CA7F962926C666004C50D1 /* KeyboardEvent.h */,
			);
			path = KeyboardEvent;
			sourceTree = "<group>";
		};
		A0CA7F992926C666004C50D1 /* Util */ = {
			isa = PBXGroup;
			children = (
				A0CA7F9A2926C666004C50D1 /* FileUtil.h */,
				A0CA7F9B2926C666004C50D1 /* ShaderUtil.h */,
				A0CA7F9C2926C666004C50D1 /* ArgumentsUtil.cpp */,
				A0CA7F9D2926C666004C50D1 /* ArgumentsUtil.h */,
				A0CA7F9E2926C666004C50D1 /* ShaderUtil.cpp */,
				A0CA7F9F2926C666004C50D1 /* FileUtil.cpp */,
			);
			path = Util;
			sourceTree = "<group>";
		};
		A0CA7FA02926C666004C50D1 /* Exception */ = {
			isa = PBXGroup;
			children = (
				A0CA7FA12926C666004C50D1 /* GLException.cpp */,
				A0CA7FA22926C666004C50D1 /* GLFWException.h */,
				A0CA7FA32926C666004C50D1 /* GLFWException.cpp */,
				A0CA7FA42926C666004C50D1 /* FileException.cpp */,
				A0CA7FA52926C666004C50D1 /* GLException.h */,
				A0CA7FA62926C666004C50D1 /* FileException.h */,
			);
			path = Exception;
			sourceTree = "<group>";
		};
		A0CA7FA72926C666004C50D1 /* Render */ = {
			isa = PBXGroup;
			children = (
				A0CA7FA82926C666004C50D1 /* VertexBuffer.cpp */,
				A0CA7FA92926C666004C50D1 /* Renderer.h */,
				A0CA7FAA2926C666004C50D1 /* Shader */,
				A0CA7FB22926C666004C50D1 /* VertexBuffer.h */,
				A0CA7FB32926C666004C50D1 /* Renderer.cpp */,
			);
			path = Render;
			sourceTree = "<group>";
		};
		A0CA7FAA2926C666004C50D1 /* Shader */ = {
			isa = PBXGroup;
			children = (
				A0CA7FAB2926C666004C50D1 /* VertexShader.cpp */,
				A0CA7FAC2926C666004C50D1 /* FragmentShader.cpp */,
				A0CA7FAD2926C666004C50D1 /* EShaderType.h */,
				A0CA7FAE2926C666004C50D1 /* FragmentShader.h */,
				A0CA7FAF2926C666004C50D1 /* VertexShader.h */,
				A0CA7FB02926C666004C50D1 /* BaseShader.cpp */,
				A0CA7FB12926C666004C50D1 /* BaseShader.h */,
			);
			path = Shader;
			sourceTree = "<group>";
		};
		A0CA7FB82926C667004C50D1 /* Composite */ = {
			isa = PBXGroup;
			children = (
				A0CA7FB92926C667004C50D1 /* Composite.h */,
				A0CA7FBA2926C667004C50D1 /* Composite.cpp */,
				A0CA7FBB2926C667004C50D1 /* IComponent.h */,
			);
			path = Composite;
			sourceTree = "<group>";
		};
/* End PBXGroup section */

/* Begin PBXNativeTarget section */
		A0CA7F452926BCA2004C50D1 /* Engine */ = {
			isa = PBXNativeTarget;
			buildConfigurationList = A0CA7F4D2926BCA3004C50D1 /* Build configuration list for PBXNativeTarget "Engine" */;
			buildPhases = (
				A0CA7F422926BCA2004C50D1 /* Sources */,
				A0CA7F432926BCA2004C50D1 /* Frameworks */,
				A0CA7F442926BCA2004C50D1 /* CopyFiles */,
			);
			buildRules = (
			);
			dependencies = (
			);
			name = Engine;
			productName = Engine;
			productReference = A0CA7F462926BCA3004C50D1 /* Engine */;
			productType = "com.apple.product-type.tool";
		};
/* End PBXNativeTarget section */

/* Begin PBXProject section */
		A0CA7F3E2926BCA2004C50D1 /* Project object */ = {
			isa = PBXProject;
			attributes = {
				BuildIndependentTargetsInParallel = 1;
				LastUpgradeCheck = 1410;
				TargetAttributes = {
					A0CA7F452926BCA2004C50D1 = {
						CreatedOnToolsVersion = 14.1;
					};
				};
			};
			buildConfigurationList = A0CA7F412926BCA2004C50D1 /* Build configuration list for PBXProject "Engine" */;
			compatibilityVersion = "Xcode 14.0";
			developmentRegion = en;
			hasScannedForEncodings = 0;
			knownRegions = (
				en,
				Base,
			);
			mainGroup = A0CA7F3D2926BCA2004C50D1;
			productRefGroup = A0CA7F472926BCA3004C50D1 /* Products */;
			projectDirPath = "";
			projectRoot = "";
			targets = (
				A0CA7F452926BCA2004C50D1 /* Engine */,
			);
		};
/* End PBXProject section */

/* Begin PBXSourcesBuildPhase section */
		A0CA7F422926BCA2004C50D1 /* Sources */ = {
			isa = PBXSourcesBuildPhase;
			buildActionMask = 2147483647;
			files = (
				A0CA7FC82926C667004C50D1 /* Light.cpp in Sources */,
				A0CA7FCA2926C667004C50D1 /* RotateMatrixComponent.cpp in Sources */,
				A0CA7FC92926C667004C50D1 /* Window.cpp in Sources */,
				A0CA7FC72926C667004C50D1 /* Transformation.cpp in Sources */,
				A0CA7FD42926C667004C50D1 /* ShaderUtil.cpp in Sources */,
				A0CA7FD12926C667004C50D1 /* KeyboardEvent.cpp in Sources */,
				A0CA7FC62926C667004C50D1 /* Scene.cpp in Sources */,
				A0CA7FDB2926C667004C50D1 /* FragmentShader.cpp in Sources */,
				A0CA7FC32926C667004C50D1 /* Tree.cpp in Sources */,
				A0CA7FBC2926C667004C50D1 /* DrawableObject.cpp in Sources */,
				A0CA7FDD2926C667004C50D1 /* Renderer.cpp in Sources */,
				A0CA7FC12926C667004C50D1 /* Plain.cpp in Sources */,
				A0CA7FBE2926C667004C50D1 /* Bushes.cpp in Sources */,
				A0CA7FCE2926C667004C50D1 /* App.cpp in Sources */,
				A0CA7FC22926C667004C50D1 /* Gift.cpp in Sources */,
				A0CA7FD62926C667004C50D1 /* GLException.cpp in Sources */,
				A0CA7FD82926C667004C50D1 /* FileException.cpp in Sources */,
				A0CA7FC52926C667004C50D1 /* ResourceManager.cpp in Sources */,
				A0CA7FD72926C667004C50D1 /* GLFWException.cpp in Sources */,
				A0CA7FCD2926C667004C50D1 /* TranslateMatrixComponent.cpp in Sources */,
				A0CA7FBF2926C667004C50D1 /* SuziSmooth.cpp in Sources */,
				A0CA7FCC2926C667004C50D1 /* AbstractMatrixComponent.cpp in Sources */,
				A0CA7FC02926C667004C50D1 /* SuziFlat.cpp in Sources */,
				A0CA7FDA2926C667004C50D1 /* VertexShader.cpp in Sources */,
				A0CA7FDF2926C667004C50D1 /* Camera.cpp in Sources */,
				A0CA7FDE2926C667004C50D1 /* Engine.cpp in Sources */,
				A0CA7FCF2926C667004C50D1 /* Configuration.cpp in Sources */,
				A0CA7FD22926C667004C50D1 /* KeyboardEventListener.cpp in Sources */,
				A0CA7FD32926C667004C50D1 /* ArgumentsUtil.cpp in Sources */,
				A0CA7FD52926C667004C50D1 /* FileUtil.cpp in Sources */,
				A0CA7FBD2926C667004C50D1 /* Shader.cpp in Sources */,
				A0CA7FDC2926C667004C50D1 /* BaseShader.cpp in Sources */,
				A0CA7FC42926C667004C50D1 /* Sphere.cpp in Sources */,
				A0CA7FD92926C667004C50D1 /* VertexBuffer.cpp in Sources */,
				A0CA7FE02926C667004C50D1 /* Composite.cpp in Sources */,
				A0CA7FCB2926C667004C50D1 /* ScaleMatrixComponent.cpp in Sources */,
			);
			runOnlyForDeploymentPostprocessing = 0;
		};
/* End PBXSourcesBuildPhase section */

/* Begin XCBuildConfiguration section */
		A0CA7F4B2926BCA3004C50D1 /* Debug */ = {
			isa = XCBuildConfiguration;
			buildSettings = {
				ALWAYS_SEARCH_USER_PATHS = NO;
				CLANG_ANALYZER_NONNULL = YES;
				CLANG_ANALYZER_NUMBER_OBJECT_CONVERSION = YES_AGGRESSIVE;
				CLANG_CXX_LANGUAGE_STANDARD = "gnu++20";
				CLANG_ENABLE_MODULES = YES;
				CLANG_ENABLE_OBJC_ARC = YES;
				CLANG_ENABLE_OBJC_WEAK = YES;
				CLANG_WARN_BLOCK_CAPTURE_AUTORELEASING = YES;
				CLANG_WARN_BOOL_CONVERSION = YES;
				CLANG_WARN_COMMA = YES;
				CLANG_WARN_CONSTANT_CONVERSION = YES;
				CLANG_WARN_DEPRECATED_OBJC_IMPLEMENTATIONS = YES;
				CLANG_WARN_DIRECT_OBJC_ISA_USAGE = YES_ERROR;
				CLANG_WARN_DOCUMENTATION_COMMENTS = YES;
				CLANG_WARN_EMPTY_BODY = YES;
				CLANG_WARN_ENUM_CONVERSION = YES;
				CLANG_WARN_INFINITE_RECURSION = YES;
				CLANG_WARN_INT_CONVERSION = YES;
				CLANG_WARN_NON_LITERAL_NULL_CONVERSION = YES;
				CLANG_WARN_OBJC_IMPLICIT_RETAIN_SELF = YES;
				CLANG_WARN_OBJC_LITERAL_CONVERSION = YES;
				CLANG_WARN_OBJC_ROOT_CLASS = YES_ERROR;
				CLANG_WARN_QUOTED_INCLUDE_IN_FRAMEWORK_HEADER = YES;
				CLANG_WARN_RANGE_LOOP_ANALYSIS = YES;
				CLANG_WARN_STRICT_PROTOTYPES = YES;
				CLANG_WARN_SUSPICIOUS_MOVE = YES;
				CLANG_WARN_UNGUARDED_AVAILABILITY = YES_AGGRESSIVE;
				CLANG_WARN_UNREACHABLE_CODE = YES;
				CLANG_WARN__DUPLICATE_METHOD_MATCH = YES;
				COPY_PHASE_STRIP = NO;
				DEBUG_INFORMATION_FORMAT = dwarf;
				ENABLE_STRICT_OBJC_MSGSEND = YES;
				ENABLE_TESTABILITY = YES;
				GCC_C_LANGUAGE_STANDARD = gnu11;
				GCC_DYNAMIC_NO_PIC = NO;
				GCC_NO_COMMON_BLOCKS = YES;
				GCC_OPTIMIZATION_LEVEL = 0;
				GCC_PREPROCESSOR_DEFINITIONS = (
					"DEBUG=1",
					"$(inherited)",
				);
				GCC_WARN_64_TO_32_BIT_CONVERSION = YES;
				GCC_WARN_ABOUT_RETURN_TYPE = YES_ERROR;
				GCC_WARN_UNDECLARED_SELECTOR = YES;
				GCC_WARN_UNINITIALIZED_AUTOS = YES_AGGRESSIVE;
				GCC_WARN_UNUSED_FUNCTION = YES;
				GCC_WARN_UNUSED_VARIABLE = YES;
				HEADER_SEARCH_PATHS = "";
				LIBRARY_SEARCH_PATHS = "";
				MACOSX_DEPLOYMENT_TARGET = 12.6;
				MTL_ENABLE_DEBUG_INFO = INCLUDE_SOURCE;
				MTL_FAST_MATH = YES;
				ONLY_ACTIVE_ARCH = YES;
				SDKROOT = macosx;
			};
			name = Debug;
		};
		A0CA7F4C2926BCA3004C50D1 /* Release */ = {
			isa = XCBuildConfiguration;
			buildSettings = {
				ALWAYS_SEARCH_USER_PATHS = NO;
				CLANG_ANALYZER_NONNULL = YES;
				CLANG_ANALYZER_NUMBER_OBJECT_CONVERSION = YES_AGGRESSIVE;
				CLANG_CXX_LANGUAGE_STANDARD = "gnu++20";
				CLANG_ENABLE_MODULES = YES;
				CLANG_ENABLE_OBJC_ARC = YES;
				CLANG_ENABLE_OBJC_WEAK = YES;
				CLANG_WARN_BLOCK_CAPTURE_AUTORELEASING = YES;
				CLANG_WARN_BOOL_CONVERSION = YES;
				CLANG_WARN_COMMA = YES;
				CLANG_WARN_CONSTANT_CONVERSION = YES;
				CLANG_WARN_DEPRECATED_OBJC_IMPLEMENTATIONS = YES;
				CLANG_WARN_DIRECT_OBJC_ISA_USAGE = YES_ERROR;
				CLANG_WARN_DOCUMENTATION_COMMENTS = YES;
				CLANG_WARN_EMPTY_BODY = YES;
				CLANG_WARN_ENUM_CONVERSION = YES;
				CLANG_WARN_INFINITE_RECURSION = YES;
				CLANG_WARN_INT_CONVERSION = YES;
				CLANG_WARN_NON_LITERAL_NULL_CONVERSION = YES;
				CLANG_WARN_OBJC_IMPLICIT_RETAIN_SELF = YES;
				CLANG_WARN_OBJC_LITERAL_CONVERSION = YES;
				CLANG_WARN_OBJC_ROOT_CLASS = YES_ERROR;
				CLANG_WARN_QUOTED_INCLUDE_IN_FRAMEWORK_HEADER = YES;
				CLANG_WARN_RANGE_LOOP_ANALYSIS = YES;
				CLANG_WARN_STRICT_PROTOTYPES = YES;
				CLANG_WARN_SUSPICIOUS_MOVE = YES;
				CLANG_WARN_UNGUARDED_AVAILABILITY = YES_AGGRESSIVE;
				CLANG_WARN_UNREACHABLE_CODE = YES;
				CLANG_WARN__DUPLICATE_METHOD_MATCH = YES;
				COPY_PHASE_STRIP = NO;
				DEBUG_INFORMATION_FORMAT = "dwarf-with-dsym";
				ENABLE_NS_ASSERTIONS = NO;
				ENABLE_STRICT_OBJC_MSGSEND = YES;
				GCC_C_LANGUAGE_STANDARD = gnu11;
				GCC_NO_COMMON_BLOCKS = YES;
				GCC_WARN_64_TO_32_BIT_CONVERSION = YES;
				GCC_WARN_ABOUT_RETURN_TYPE = YES_ERROR;
				GCC_WARN_UNDECLARED_SELECTOR = YES;
				GCC_WARN_UNINITIALIZED_AUTOS = YES_AGGRESSIVE;
				GCC_WARN_UNUSED_FUNCTION = YES;
				GCC_WARN_UNUSED_VARIABLE = YES;
				HEADER_SEARCH_PATHS = "";
				LIBRARY_SEARCH_PATHS = "";
				MACOSX_DEPLOYMENT_TARGET = 12.6;
				MTL_ENABLE_DEBUG_INFO = NO;
				MTL_FAST_MATH = YES;
				SDKROOT = macosx;
			};
			name = Release;
		};
		A0CA7F4E2926BCA3004C50D1 /* Debug */ = {
			isa = XCBuildConfiguration;
			buildSettings = {
				CODE_SIGN_STYLE = Automatic;
				DEVELOPMENT_TEAM = Q9ZS3BJ3J2;
				ENABLE_HARDENED_RUNTIME = YES;
				GCC_PREPROCESSOR_DEFINITIONS = (
					"DEBUG=1",
					"$(inherited)",
					GL_SILENCE_DEPRECATION,
				);
				HEADER_SEARCH_PATHS = (
					library/glfw/include,
					library/glew/include,
					library/glm,
					Engine,
				);
				LIBRARY_SEARCH_PATHS = (
					"$(PROJECT_DIR)/library/glfw/lib-universal",
					"$(PROJECT_DIR)/library/glew/lib",
				);
				PRODUCT_NAME = "$(TARGET_NAME)";
			};
			name = Debug;
		};
		A0CA7F4F2926BCA3004C50D1 /* Release */ = {
			isa = XCBuildConfiguration;
			buildSettings = {
				CODE_SIGN_STYLE = Automatic;
				DEVELOPMENT_TEAM = Q9ZS3BJ3J2;
				ENABLE_HARDENED_RUNTIME = YES;
				GCC_PREPROCESSOR_DEFINITIONS = GL_SILENCE_DEPRECATION;
				HEADER_SEARCH_PATHS = (
					library/glfw/include,
					library/glew/include,
					library/glm,
					Engine,
				);
				LIBRARY_SEARCH_PATHS = (
					"$(PROJECT_DIR)/library/glfw/lib-universal",
					"$(PROJECT_DIR)/library/glew/lib",
				);
				PRODUCT_NAME = "$(TARGET_NAME)";
			};
			name = Release;
		};
/* End XCBuildConfiguration section */

/* Begin XCConfigurationList section */
		A0CA7F412926BCA2004C50D1 /* Build configuration list for PBXProject "Engine" */ = {
			isa = XCConfigurationList;
			buildConfigurations = (
				A0CA7F4B2926BCA3004C50D1 /* Debug */,
				A0CA7F4C2926BCA3004C50D1 /* Release */,
			);
			defaultConfigurationIsVisible = 0;
			defaultConfigurationName = Release;
		};
		A0CA7F4D2926BCA3004C50D1 /* Build configuration list for PBXNativeTarget "Engine" */ = {
			isa = XCConfigurationList;
			buildConfigurations = (
				A0CA7F4E2926BCA3004C50D1 /* Debug */,
				A0CA7F4F2926BCA3004C50D1 /* Release */,
			);
			defaultConfigurationIsVisible = 0;
			defaultConfigurationName = Release;
		};
/* End XCConfigurationList section */
	};
	rootObject = A0CA7F3E2926BCA2004C50D1 /* Project object */;
}
